
Microsoft Visual Studio Solution File, Format Version 12.00
# Visual Studio Version 17
VisualStudioVersion = 17.3.32929.385
MinimumVisualStudioVersion = 10.0.40219.1
Project("{FAE04EC0-301F-11D3-BF4B-00C04F79EFBC}") = "Library Management System", "Library Management System.csproj", "{2C6F807E-6837-4951-93AE-F6CA7FBC4FFD}"
EndProject
Global
	GlobalSection(SolutionConfigurationPlatforms) = preSolution
		Debug|Any CPU = Debug|Any CPU
		Release|Any CPU = Release|Any CPU
	EndGlobalSection
	GlobalSection(ProjectConfigurationPlatforms) = postSolution
		{2C6F807E-6837-4951-93AE-F6CA7FBC4FFD}.Debug|Any CPU.ActiveCfg = Debug|Any CPU
		{2C6F807E-6837-4951-93AE-F6CA7FBC4FFD}.Debug|Any CPU.Build.0 = Debug|Any CPU
		{2C6F807E-6837-4951-93AE-F6CA7FBC4FFD}.Release|Any CPU.ActiveCfg = Release|Any CPU
		{2C6F807E-6837-4951-93AE-F6CA7FBC4FFD}.Release|Any CPU.Build.0 = Release|Any CPU
	EndGlobalSection
	GlobalSection(SolutionProperties) = preSolution
		HideSolutionNode = FALSE
	EndGlobalSection
	GlobalSection(ExtensibilityGlobals) = postSolution
		SolutionGuid = {1FD3FB06-45B0-48BE-BD05-75BD1C64EB79}
	EndGlobalSection
EndGlobal
